
Microsoft Visual Studio Solution File, Format Version 12.00
# Visual Studio 15
VisualStudioVersion = 15.0.28010.2048
MinimumVisualStudioVersion = 10.0.40219.1
Project("{FAE04EC0-301F-11D3-BF4B-00C04F79EFBC}") = "LinqFundamentals", "LinqFundamentals\LinqFundamentals.csproj", "{401188EE-3642-4CCA-9801-818C8CAC365D}"
EndProject
Global
	GlobalSection(SolutionConfigurationPlatforms) = preSolution
		Debug|Any CPU = Debug|Any CPU
		Release|Any CPU = Release|Any CPU
	EndGlobalSection
	GlobalSection(ProjectConfigurationPlatforms) = postSolution
		{401188EE-3642-4CCA-9801-818C8CAC365D}.Debug|Any CPU.ActiveCfg = Debug|Any CPU
		{401188EE-3642-4CCA-9801-818C8CAC365D}.Debug|Any CPU.Build.0 = Debug|Any CPU
		{401188EE-3642-4CCA-9801-818C8CAC365D}.Release|Any CPU.ActiveCfg = Release|Any CPU
		{401188EE-3642-4CCA-9801-818C8CAC365D}.Release|Any CPU.Build.0 = Release|Any CPU
	EndGlobalSection
	GlobalSection(SolutionProperties) = preSolution
		HideSolutionNode = FALSE
	EndGlobalSection
	GlobalSection(ExtensibilityGlobals) = postSolution
		SolutionGuid = {BAFB9DDE-FB90-4449-9032-3486E44BC252}
	EndGlobalSection
EndGlobal
